{
  "lockfile_version": "1",
  "engine": ">=0.1,<0.2",
  "packs": [
    {
      "id": "agent-discipline",
      "version": "0.0.1",
      "managed": false,
      "sha256": "d7a9ef3f156deac6bd343116bdba9862f3196e320158eb612bc0e8244cd97214",
      "source": "local",
      "artifacts_sha256": "36d131cd7df7edbcd57a0e117de79fa144a2bd1fb10b95edcc3c0404ba9533d4"
    },
    {
      "id": "block-destructive-commands",
      "version": "0.0.1",
      "managed": false,
      "sha256": "8538b4ce867e7a3c09d6bd91dcf3b035fe5756295b29871e8f0c88ace2d677ed",
      "source": "local",
      "artifacts_sha256": "07d54a6e496481cb0dbf109e460c2c7c40dbdd007f6f78794e953ed0bc1c00ff"
    },
    {
      "id": "block-invisible-unicode",
      "version": "0.0.1",
      "managed": false,
      "sha256": "a171479a705f27ef8dc082bdec945867abf6c8f01676ec9eb850e3874dfe1fb7",
      "source": "local",
      "artifacts_sha256": "70cf827a82e1bac2b5498638c7ba1023885ced312bf0e723f7273f333c684efe"
    },
    {
      "id": "block-no-verify",
      "version": "0.0.1",
      "managed": false,
      "sha256": "45be3cc072064cf94fc238d90bbc5b31969582904dcb4f6e3b6d65b77cbd2bda",
      "source": "local",
      "artifacts_sha256": "7e286e68e1b7b791ccde02895cf555b5af16bc5c0fcc92c5e1aca2982c510343"
    },
    {
      "id": "block-wildcard-agent-permissions",
      "version": "0.0.1",
      "managed": false,
      "sha256": "a910077db0da02956b8c9b170ea83de4a32e833320abe01d4779f866cd33daa7",
      "source": "local",
      "artifacts_sha256": "83d0830b5530126d09b03a018eeebba8d92c4c0e553e4e54ced612246e59bd99"
    },
    {
      "id": "code-safety",
      "version": "0.0.1",
      "managed": false,
      "sha256": "e5c5d244e907efa1aff64bc965dcf1f8e603f6b1c4543c5c34d831a51aad1e55",
      "source": "local",
      "artifacts_sha256": "ee9959b8e6478f2c6ea47a8143211dce7fb6894674fbc37fea92ee04db5f91e8"
    },
    {
      "id": "context-hygiene",
      "version": "0.0.1",
      "managed": false,
      "sha256": "9eb424294c7882df30bf3b71483f0331c52ee7754e2d52cd8bade191048e51d5",
      "source": "local",
      "artifacts_sha256": "f85d4575557544366e98ca4d2a468511ae370064048a8fecb1a89d44b7ba4117"
    },
    {
      "id": "git-safety",
      "version": "0.0.1",
      "managed": false,
      "sha256": "51777d1a669925a283be1ee31f4e8b52303ab8a602126d0707e083cdab3c36a1",
      "source": "local",
      "artifacts_sha256": "e1660f2d351f13203fa59f6d1a40d6eb8f2b6af0f93af5cb090512bedfa975e3"
    },
    {
      "id": "injection-defense",
      "version": "0.0.1",
      "managed": false,
      "sha256": "7aac31436a9bae31b249d0a212bc2d442a4412d164ec73c0eaf8e8cfd56d2447",
      "source": "local",
      "artifacts_sha256": "c76a9bd12792ccecc411093054f16aac210953f3324b054586f3c8af3f7a0034"
    },
    {
      "id": "memory-discipline",
      "version": "0.0.1",
      "managed": false,
      "sha256": "60252ebb85190d63bf4ab980d98f227b5cf9a45ff171e6cb86b315d310e14422",
      "source": "local",
      "artifacts_sha256": "2b08e1876e9536a5ffdda1c671fc9908fc967f5c790a6b03f96d4e580483b533"
    },
    {
      "id": "protect-agent-config",
      "version": "0.0.1",
      "managed": false,
      "sha256": "97b9fff4238fbc95eaee923b206a8fe9c7057bf803de93911c044da18dccf04e",
      "source": "local",
      "artifacts_sha256": "43b03c246f31cbef06a773a2abeef422fe5352537a5cb4c1961dd5ac6d0491d5"
    },
    {
      "id": "protect-commit-privacy",
      "version": "0.0.1",
      "managed": false,
      "sha256": "6b6f08c9f44465103d8d656aa51a025d0c4dba6cb4cb46f85e6bad67d2f0e7d3",
      "source": "local",
      "artifacts_sha256": "219cfc850dce1cbba0e9ceab6a910dcab7be6345ae3a642b6dabf661dbe5d08b"
    },
    {
      "id": "protect-main-branch",
      "version": "0.0.1",
      "managed": false,
      "sha256": "316bd80a2fdbeb098f8477503af8c9e0977cf11be4e32572d87014ef062e055d",
      "source": "local",
      "artifacts_sha256": "1692297b1c1f19c59e1057d4a1b419927270d513735b88e832ed639bd782995d"
    },
    {
      "id": "scan-secrets",
      "version": "0.0.1",
      "managed": false,
      "sha256": "cc0dce2a7a49efa61a5e5c84f1fa406923c612718cbcfe62e912823cc841d8e9",
      "source": "local",
      "artifacts_sha256": "12492a097c910f9f03a79d1798ed5baf7cca029ab6055a305be830174d08a833"
    },
    {
      "id": "token-efficiency",
      "version": "0.0.1",
      "managed": false,
      "sha256": "fffbedd12f0ec7bf9f3063b98a72bfc6d22a00e04968f1dbff540c0f03f4a5a8",
      "source": "local",
      "artifacts_sha256": "0511b29645130a4e9e6819b6e0c7a75953d616b7624e90d3d5639a0d429d5e9d"
    },
    {
      "id": "verify-catalog-conformance",
      "version": "0.0.1",
      "managed": false,
      "sha256": "42176abc67f29a6cc5fb4a50a32acd7d1faa2b91001a4d198ede7b13ff3a8e74",
      "source": "local",
      "artifacts_sha256": "a727b176e956f771a23ba002e1b8785ffbfdbf6b8f81275226330b862a2d94e2"
    },
    {
      "id": "verify-dependency-exists",
      "version": "0.0.1",
      "managed": false,
      "sha256": "325624540d4759dd72246a8b46b2a8ea63793a107243bb9afe5e3702dc37b92b",
      "source": "local"
    }
  ]
}
