{
  "lockfile_version": "1",
  "engine": ">=0.1,<0.2",
  "packs": [
    {
      "id": "agent-discipline",
      "version": "0.0.1",
      "managed": false,
      "sha256": "ec930ee2abd4de6717bc0ff71ad22e9d54610970346a9e4ca6d617c1456da956",
      "source": "local",
      "artifacts_sha256": "df7dcb3f795b87fde8b0995eb1f84ed36620ccea56b5581be9deb40d7cb60e68"
    },
    {
      "id": "block-curl-pipe-sh",
      "version": "0.0.1",
      "managed": false,
      "sha256": "45ed42fcc64ab0b35440d78fd6605c50f5fa49ceb44ceb1f299751d7f04dd07d",
      "source": "local",
      "artifacts_sha256": "e484a4f49106bb633ede00e3585abf2044ef3ae1aa3bd07846342e99a9f6804a"
    },
    {
      "id": "block-destructive-commands",
      "version": "0.0.1",
      "managed": false,
      "sha256": "7b571e9b8696697355b379d310aa4dd3525a5a230c477c16bb683aba19db71d9",
      "source": "local",
      "artifacts_sha256": "a0e8f4649a534679188e9e5dc465331036352753b9e473c19c6925aa123fe7ce"
    },
    {
      "id": "block-invisible-unicode",
      "version": "0.0.1",
      "managed": false,
      "sha256": "983a4528dee8b0c1d2779273f9ef2addc53d12f2729795e4a1ba78e561ac166f",
      "source": "local",
      "artifacts_sha256": "c1facf023eedad82a8ba80f1305fe7181fce15118fab0997e1e3c84e3ecdc16d"
    },
    {
      "id": "block-no-verify",
      "version": "0.0.1",
      "managed": false,
      "sha256": "775a05cc11450dbf4320fb7a8a8c4f30c856ff969e12b72e00c03e4a5b10f6e9",
      "source": "local",
      "artifacts_sha256": "a7f9f231d90199cfa70f4d7d3bbb867872f7406b5b9728ce3eaf05273f6fa8d8"
    },
    {
      "id": "block-unapproved-egress",
      "version": "0.0.1",
      "managed": false,
      "sha256": "0657df827cc57c0a586f12e1392f45d4f06669d196c95b011a5b83ae64e7e08f",
      "source": "local",
      "artifacts_sha256": "1fdca2a801005f82ccd7b3012c9a6bad233666f5b9dec2b2ca0b5bad9827f5eb"
    },
    {
      "id": "block-wildcard-agent-permissions",
      "version": "0.0.1",
      "managed": false,
      "sha256": "898d2dd802941d09a775f5f00a2ea56543d85433bfcf3535a5563c06c8cb32e7",
      "source": "local",
      "artifacts_sha256": "393f17ade534f8d7116c6156fc20041d8a514f72f657465ea095359d88d1290d"
    },
    {
      "id": "code-safety",
      "version": "0.0.1",
      "managed": false,
      "sha256": "e2f96ed16c4e714fe7c062418953335f357025eda12ffc651c74554ed27dbc8c",
      "source": "local",
      "artifacts_sha256": "e94db722b253b96a68a6629fb822abc19ec7d8b465fc4bc43967353921bf6ceb"
    },
    {
      "id": "context-hygiene",
      "version": "0.0.1",
      "managed": false,
      "sha256": "b428fd0fa0927e343a28334268cfdd214602a7eba0ee27176ec3205e93ffb7ad",
      "source": "local",
      "artifacts_sha256": "f85d4575557544366e98ca4d2a468511ae370064048a8fecb1a89d44b7ba4117"
    },
    {
      "id": "firecrawl-fallback-only",
      "version": "0.0.1",
      "managed": false,
      "sha256": "cfcfbb81384930c046c362b13b5c63f6345d54e434217c472a943aca3950904e",
      "source": "local",
      "artifacts_sha256": "b2e494556349b736e81969330aac730a696ea1761a6e83415c2e8eb25097ef79"
    },
    {
      "id": "git-safety",
      "version": "0.0.1",
      "managed": false,
      "sha256": "d5c9f5052cb7cda87d42c03b4cfa13e7635be542745e4b183ef87220da9e6749",
      "source": "local",
      "artifacts_sha256": "4560a72cb117582027f70a2b01130e89088e6fb4596c7230d5779940a5864deb"
    },
    {
      "id": "injection-defense",
      "version": "0.0.1",
      "managed": false,
      "sha256": "ff181c5171d6360b9add0ec8106189afc97675661899960512e708ea8496bc76",
      "source": "local",
      "artifacts_sha256": "c76a9bd12792ccecc411093054f16aac210953f3324b054586f3c8af3f7a0034"
    },
    {
      "id": "memory-discipline",
      "version": "0.0.1",
      "managed": false,
      "sha256": "8e410a79774cc33335242580a7acfae5164b043e596c560ed0ca4ec0abe88062",
      "source": "local",
      "artifacts_sha256": "1aafc65b5f94357a12c022f51ba34035444e28f85f5d5176cf3a78552565867b"
    },
    {
      "id": "pin-github-actions",
      "version": "0.0.1",
      "managed": false,
      "sha256": "70ac075941841e3c8f9b49a99f44b61ca7e7e8fec87b221cf97a46b4a09b599e",
      "source": "local",
      "artifacts_sha256": "a33f59a73ab35f1f0eea61f83b20aedd01992e740dbc3fdc539a844bd7289a35"
    },
    {
      "id": "protect-agent-config",
      "version": "0.0.1",
      "managed": false,
      "sha256": "1038054491c268d0d29fbb5c0b7ccc65b3922e0f5d075293861112c3d6f6a2aa",
      "source": "local",
      "artifacts_sha256": "1c0ff90bc064dec5020334067a1e3d12b0c9863556a4376df4a4e3156a35caea"
    },
    {
      "id": "protect-ci-workflows",
      "version": "0.0.1",
      "managed": false,
      "sha256": "3c1d39b17c2c3b5274a394cb139c71b7799a23663affd1045cf2b83545e9fd4e",
      "source": "local",
      "artifacts_sha256": "2e038349485f56a17b61c44045cfca8aac507ffa08dd52963bfb07c4174bc64c"
    },
    {
      "id": "protect-commit-privacy",
      "version": "0.0.1",
      "managed": false,
      "sha256": "3616df348241bb3f780adc15c6ce4f44b3f066cb0bdcc0243013b2b599e60517",
      "source": "local",
      "artifacts_sha256": "665406f2237cdaac186f229005504d9611aade4dad8946d124a8d6221601592b"
    },
    {
      "id": "protect-main-branch",
      "version": "0.0.1",
      "managed": false,
      "sha256": "316bd80a2fdbeb098f8477503af8c9e0977cf11be4e32572d87014ef062e055d",
      "source": "local",
      "artifacts_sha256": "18bb4772936ece0e374fb48e1a09fdbf946fb82381ed30687c0bcc8a10d4643c"
    },
    {
      "id": "scan-secrets",
      "version": "0.0.1",
      "managed": false,
      "sha256": "de02e9e9650474a882e264967352038d5100c565c41e97e4b5acef9aef7a0551",
      "source": "local",
      "artifacts_sha256": "5166c048549ad13fd6b63ef7a65bcf1a1975cc5154a872b242c9fdfaef3b09b4"
    },
    {
      "id": "token-efficiency",
      "version": "0.0.1",
      "managed": false,
      "sha256": "97c72ed40896f500d7f3ff14d94fd8fbdfca796319bc3b2dcbfa35cb95ccb7fc",
      "source": "local",
      "artifacts_sha256": "0a8e53b16fa7170987065591572186a4c9240654edbeca5b6eefb66f820de7bc"
    },
    {
      "id": "verify-catalog-conformance",
      "version": "0.0.1",
      "managed": false,
      "sha256": "6cc96e0dcf61f3f4523d3adcc4c61284cd986070326586500e25ff8f0277675d",
      "source": "local",
      "artifacts_sha256": "a727b176e956f771a23ba002e1b8785ffbfdbf6b8f81275226330b862a2d94e2"
    },
    {
      "id": "verify-dependency-exists",
      "version": "0.0.1",
      "managed": false,
      "sha256": "805409b7d5a018fd49a949ee524e3f2706b5c30804b6ad62587e2ecccb48dd87",
      "source": "local"
    },
    {
      "id": "verify-mcp-allowlist",
      "version": "0.0.1",
      "managed": false,
      "sha256": "b4f4f4a6a6e080f452d530b1fd3bf8c2c64be488c496890df30a3b6208024636",
      "source": "local",
      "artifacts_sha256": "d430322f92a09d927c2b84693eec196c2001bc7a11e5883cd600f79cf139dfb9"
    }
  ]
}
