{
  "lockfile_version": "1",
  "engine": ">=0.1,<0.2",
  "packs": [
    {
      "id": "agent-discipline",
      "version": "0.0.1",
      "managed": false,
      "sha256": "038b19d726efc125eeaf1321ac4feb70c7fd1a207da8e8953bed65d4acdd8472",
      "source": "local",
      "artifacts_sha256": "e0a1fbf88ef6adde60e4e93c63c30f73c80f674bef3bc0ca6ad2780edf7adcc0"
    },
    {
      "id": "block-curl-pipe-sh",
      "version": "0.0.1",
      "managed": false,
      "sha256": "12962b95458e38428ec53b85baceb8ebe85a11a719d17c05d6cadc8fc367a116",
      "source": "local",
      "artifacts_sha256": "e484a4f49106bb633ede00e3585abf2044ef3ae1aa3bd07846342e99a9f6804a"
    },
    {
      "id": "block-destructive-commands",
      "version": "0.0.1",
      "managed": false,
      "sha256": "f639ce1f92bc9c29cb30bc499890cfa677bcfeef76c2a74d0f4dd27cfb797788",
      "source": "local",
      "artifacts_sha256": "c99937e2a39a5c161426de57ec58b303fa7f15d114d5b13fdf0f6189aa659592"
    },
    {
      "id": "block-invisible-unicode",
      "version": "0.0.1",
      "managed": false,
      "sha256": "5eb98043cea85921bdee701c98d3be038efcb36d16e8ca60f9fa2f7b4045c718",
      "source": "local",
      "artifacts_sha256": "402938537b64c7e62035544849e55e524612488c834963d35694db0c7f963e2d"
    },
    {
      "id": "block-no-verify",
      "version": "0.0.1",
      "managed": false,
      "sha256": "24ac37b6364496fe77c99cdc4952bc077f266d3982b1a1d5f245ecc7fe827c88",
      "source": "local",
      "artifacts_sha256": "132300f0eaa647b0b3bcb66aa61cb8e4f06207828edc86f8ef917217df0aab19"
    },
    {
      "id": "block-unapproved-egress",
      "version": "0.0.1",
      "managed": false,
      "sha256": "fa435d51e58ffe1d23dc08e3d5ec4aaf187a19eafeb21da290a545d21e5465b3",
      "source": "local",
      "artifacts_sha256": "f3e6c22a8423fe77ea9bbd3a2ca70b3a5c5ed49e6ec164331895d7c33bfef58d"
    },
    {
      "id": "block-wildcard-agent-permissions",
      "version": "0.0.1",
      "managed": false,
      "sha256": "a9f87a3601c1c973ddc89cb2ea0e6b1fd043b83ba44ab2ce930d4c5b1c7fb52c",
      "source": "local",
      "artifacts_sha256": "052300ea76079b8c3c5223db777f87eee93c41a53d3f7a21890572f2e7fe175f"
    },
    {
      "id": "code-safety",
      "version": "0.0.1",
      "managed": false,
      "sha256": "51067951235a9add30f2afa20762c53fd392ba2d573845970c29bd302951eae2",
      "source": "local",
      "artifacts_sha256": "bafe5ae3096ac452442b1322af7cd51d2544cdf8a0db0ebe9c5421c88bf8b542"
    },
    {
      "id": "context-hygiene",
      "version": "0.0.1",
      "managed": false,
      "sha256": "4892d214c62897bb283ef52ff6ecc8056d67213630f617c21206df5d5b5e7d74",
      "source": "local",
      "artifacts_sha256": "f85d4575557544366e98ca4d2a468511ae370064048a8fecb1a89d44b7ba4117"
    },
    {
      "id": "firecrawl-fallback-only",
      "version": "0.0.1",
      "managed": false,
      "sha256": "c1fb3f4cd24dfb070bc1dcfa0d57d7e9017481908bb54850c56d56dfcc079064",
      "source": "local",
      "artifacts_sha256": "b2e494556349b736e81969330aac730a696ea1761a6e83415c2e8eb25097ef79"
    },
    {
      "id": "git-safety",
      "version": "0.0.1",
      "managed": false,
      "sha256": "784c3a188c5c42a88607030199de4b5aca9f3c2f462798eb96691c71307ca858",
      "source": "local",
      "artifacts_sha256": "a9ca6fe7299501888ceda6de50eda231af958f77fdb2a02be2b23503a9bdc04c"
    },
    {
      "id": "injection-defense",
      "version": "0.0.1",
      "managed": false,
      "sha256": "6437ce2a36a7cb4a60fb78c3978a3362aa35cc9cdfb93f867e5858527e7609c0",
      "source": "local",
      "artifacts_sha256": "c76a9bd12792ccecc411093054f16aac210953f3324b054586f3c8af3f7a0034"
    },
    {
      "id": "memory-discipline",
      "version": "0.0.1",
      "managed": false,
      "sha256": "0f7a667a07e8f5b9c96ead6f96df7a2e9e989c3c0ec776abf83a07fddc6955f8",
      "source": "local",
      "artifacts_sha256": "1aafc65b5f94357a12c022f51ba34035444e28f85f5d5176cf3a78552565867b"
    },
    {
      "id": "pin-github-actions",
      "version": "0.0.1",
      "managed": false,
      "sha256": "b692a3937305a763c5dd27273b30d1ff3ea2d006f9e1e7eae4ae39c6350d7de4",
      "source": ".",
      "artifacts_sha256": "0d6ae358bf7f9609068ad0852cef692547d506966f03e757f423769a11ef1eea",
      "source_commit": null
    },
    {
      "id": "protect-agent-config",
      "version": "0.0.1",
      "managed": false,
      "sha256": "e2616ab80403087fd4d50581cc9934509428c63180d7cdfcd90fc0eb93625584",
      "source": "local",
      "artifacts_sha256": "2dce4330f9a44f6ac4f47f6375114cd11aa9c35a9e7a926817624a25c5c8b54c"
    },
    {
      "id": "protect-ci-workflows",
      "version": "0.0.1",
      "managed": false,
      "sha256": "79685eb76f437331b0cc217b5f1a4569238049cbf3c75546c10ef955ea66c8f7",
      "source": "local",
      "artifacts_sha256": "51b525f2d0792623d3cba9250d173fb6c79c0c3c5b20612c4276aa4d136b4a1d"
    },
    {
      "id": "protect-commit-privacy",
      "version": "0.0.1",
      "managed": false,
      "sha256": "6f62d77f7bfbcbcbf4b86f9d42d61e6505c0536efbc3038aa109d5b3854bfbb9",
      "source": "local",
      "artifacts_sha256": "a39482f6ebaeb0ad46225794b4e4fe486ac01a546ba5228f3379719d983669bb"
    },
    {
      "id": "protect-main-branch",
      "version": "0.0.1",
      "managed": false,
      "sha256": "4b95801e6c9241c4e0bf2c031a2b36079d4ce4610b3c242d3e2905fb78eec82c",
      "source": "local",
      "artifacts_sha256": "18bb4772936ece0e374fb48e1a09fdbf946fb82381ed30687c0bcc8a10d4643c"
    },
    {
      "id": "scan-secrets",
      "version": "0.0.1",
      "managed": false,
      "sha256": "0f1d55320ec25757398471e9a5f3a8037acbe09519da7e979d5d589b8541e0b9",
      "source": "local",
      "artifacts_sha256": "03d7151bae8c6343fb090375426b8d99e65b62728663db9a590bdc876b776fc4"
    },
    {
      "id": "token-efficiency",
      "version": "0.0.1",
      "managed": false,
      "sha256": "19003fafaa2a44836da5486f9f528a67a75c44b2b4922e264452e5929b5a1c76",
      "source": "local",
      "artifacts_sha256": "0a8e53b16fa7170987065591572186a4c9240654edbeca5b6eefb66f820de7bc"
    },
    {
      "id": "verify-catalog-conformance",
      "version": "0.0.1",
      "managed": false,
      "sha256": "6cc96e0dcf61f3f4523d3adcc4c61284cd986070326586500e25ff8f0277675d",
      "source": "local",
      "artifacts_sha256": "a727b176e956f771a23ba002e1b8785ffbfdbf6b8f81275226330b862a2d94e2"
    },
    {
      "id": "verify-dependency-exists",
      "version": "0.0.1",
      "managed": false,
      "sha256": "13aa0c70fba537663190a77b1b5a865edeeb324209bd7d0102e2a8c8cf0c2ec7",
      "source": "local"
    },
    {
      "id": "verify-mcp-allowlist",
      "version": "0.0.1",
      "managed": false,
      "sha256": "e8d9f0dd25bba2fd25860a20dbf43810f22ceb82149f79283a3f7d1e8fd80f35",
      "source": "local",
      "artifacts_sha256": "b514d232360851b90507d490fec7abb78f3e812ea404a70a629d217fbbab661e"
    }
  ]
}
