{
  "name": "workspace",
  "lockfileVersion": 3,
  "requires": true,
  "packages": {
    "": {
      "dependencies": {
        "@observablehq/plot": "0.6.9",
        "d3": "7.8.5"
      },
      "devDependencies": {
        "@typescript-eslint/eslint-plugin": "5.59.6",
        "@typescript-eslint/parser": "5.59.6",
        "eslint": "8.40.0",
        "eslint-config-prettier": "8.8.0",
        "npm-run-all": "4.1.5",
        "prettier": "2.8.8",
        "stylelint": "15.6.2",
        "stylelint-config-standard": "33.0.0",
        "typescript": "5.0.4"
      }
    },
    "node_modules/@aashutoshrathi/word-wrap": {
      "version": "1.2.6",
      "resolved": "https://registry.npmjs.org/@aashutoshrathi/word-wrap/-/word-wrap-1.2.6.tgz",
      "integrity": "sha512-1Yjs2SvM8TflER/OD3cOjhWWOZb58A2t7wpE2S9XfBYTiIl+XFhQG2bjy4Pu1I+EAlCNUzRDYDdFwFYUKvXcIA==",
      "dev": true,
      "engines": {
        "node": ">=0.10.0"
      }
    },
    "node_modules/@babel/code-frame": {
      "version": "7.21.4",
      "resolved": "https://registry.npmjs.org/@babel/code-frame/-/code-frame-7.21.4.tgz",
      "integrity": "sha512-LYvhNKfwWSPpocw8GI7gpK2nq3HSDuEPC/uSYaALSJu9xjsalaaYFOq0Pwt5KmVqwEbZlDu81aLXwBOmD/Fv9g==",
      "dev": true,
      "dependencies": {
        "@babel/highlight": "^7.18.6"
      },
      "engines": {
        "node": ">=6.9.0"
      }
    },
    "node_modules/@babel/helper-validator-identifier": {
      "version": "7.19.1",
      "resolved": "https://registry.npmjs.org/@babel/helper-validator-identifier/-/helper-validator-identifier-7.19.1.tgz",
      "integrity": "sha512-awrNfaMtnHUr653GgGEs++LlAvW6w+DcPrOliSMXWCKo597CwL5Acf/wWdNkf/tfEQE3mjkeD1YOVZOUV/od1w==",
      "dev": true,
      "engines": {
        "node": ">=6.9.0"
      }
    },
    "node_modules/@babel/highlight": {
      "version": "7.18.6",
      "resolved": "https://registry.npmjs.org/@babel/highlight/-/highlight-7.18.6.tgz",
      "integrity": "sha512-u7stbOuYjaPezCuLj29hNW1v64M2Md2qupEKP1fHc7WdOA3DgLh37suiSrZYY7haUB7iBeQZ9P1uiRF359do3g==",
      "dev": true,
      "dependencies": {
        "@babel/helper-validator-identifier": "^7.18.6",
        "chalk": "^2.0.0",
        "js-tokens": "^4.0.0"
      },
      "engines": {
        "node": ">=6.9.0"
      }
    },
    "node_modules/@csstools/css-parser-algorithms": {
      "version": "2.1.1",
      "resolved": "https://registry.npmjs.org/@csstools/css-parser-algorithms/-/css-parser-algorithms-2.1.1.tgz",
      "integrity": "sha512-viRnRh02AgO4mwIQb2xQNJju0i+Fh9roNgmbR5xEuG7J3TGgxjnE95HnBLgsFJOJOksvcfxOUCgODcft6Y07cA==",
      "dev": true,
      "engines": {
        "node": "^14 || ^16 || >=18"
      },
      "funding": {
        "type": "opencollective",
        "url": "https://opencollective.com/csstools"
      },
      "peerDependencies": {
        "@csstools/css-tokenizer": "^2.1.1"
      }
    },
    "node_modules/@csstools/css-tokenizer": {
      "version": "2.1.1",
      "resolved": "https://registry.npmjs.org/@csstools/css-tokenizer/-/css-tokenizer-2.1.1.tgz",
      "integrity": "sha512-GbrTj2Z8MCTUv+52GE0RbFGM527xuXZ0Xa5g0Z+YN573uveS4G0qi6WNOMyz3yrFM/jaILTTwJ0+umx81EzqfA==",
      "dev": true,
      "engines": {
        "node": "^14 || ^16 || >=18"
      },
      "funding": {
        "type": "opencollective",
        "url": "https://opencollective.com/csstools"
      }
    },
    "node_modules/@csstools/media-query-list-parser": {
      "version": "2.0.4",
      "resolved": "https://registry.npmjs.org/@csstools/media-query-list-parser/-/media-query-list-parser-2.0.4.tgz",
      "integrity": "sha512-GyYot6jHgcSDZZ+tLSnrzkR7aJhF2ZW6d+CXH66mjy5WpAQhZD4HDke2OQ36SivGRWlZJpAz7TzbW6OKlEpxAA==",
      "dev": true,
      "engines": {
        "node": "^14 || ^16 || >=18"
      },
      "funding": {
        "type": "opencollective",
        "url": "https://opencollective.com/csstools"
      },
      "peerDependencies": {
        "@csstools/css-parser-algorithms": "^2.1.1",
        "@csstools/css-tokenizer": "^2.1.1"
      }
    },
    "node_modules/@csstools/selector-specificity": {
      "version": "2.2.0",
      "resolved": "https://registry.npmjs.org/@csstools/selector-specificity/-/selector-specificity-2.2.0.tgz",
      "integrity": "sha512-+OJ9konv95ClSTOJCmMZqpd5+YGsB2S+x6w3E1oaM8UuR5j8nTNHYSz8c9BEPGDOCMQYIEEGlVPj/VY64iTbGw==",
      "dev": true,
      "engines": {
        "node": "^14 || ^16 || >=18"
      },
      "funding": {
        "type": "opencollective",
        "url": "https://opencollective.com/csstools"
      },
      "peerDependencies": {
        "postcss-selector-parser": "^6.0.10"
      }
    },
    "node_modules/@eslint-community/eslint-utils": {
      "version": "4.4.0",
      "resolved": "https://registry.npmjs.org/@eslint-community/eslint-utils/-/eslint-utils-4.4.0.tgz",
      "integrity": "sha512-1/sA4dwrzBAyeUoQ6oxahHKmrZvsnLCg4RfxW3ZFGGmQkSNQPFNLV9CUEFQP1x9EYXHTo5p6xdhZM1Ne9p/AfA==",
      "dev": true,
      "dependencies": {
        "eslint-visitor-keys": "^3.3.0"
      },
      "engines": {
        "node": "^12.22.0 || ^14.17.0 || >=16.0.0"
      },
      "peerDependencies": {
        "eslint": "^6.0.0 || ^7.0.0 || >=8.0.0"
      }
    },
    "node_modules/@eslint-community/regexpp": {
      "version": "4.5.1",
      "resolved": "https://registry.npmjs.org/@eslint-community/regexpp/-/regexpp-4.5.1.tgz",
      "integrity": "sha512-Z5ba73P98O1KUYCCJTUeVpja9RcGoMdncZ6T49FCUl2lN38JtCJ+3WgIDBv0AuY4WChU5PmtJmOCTlN6FZTFKQ==",
      "dev": true,
      "engines": {
        "node": "^12.0.0 || ^14.0.0 || >=16.0.0"
      }
    },
    "node_modules/@eslint/eslintrc": {
      "version": "2.0.3",
      "resolved": "https://registry.npmjs.org/@eslint/eslintrc/-/eslintrc-2.0.3.tgz",
      "integrity": "sha512-+5gy6OQfk+xx3q0d6jGZZC3f3KzAkXc/IanVxd1is/VIIziRqqt3ongQz0FiTUXqTk0c7aDB3OaFuKnuSoJicQ==",
      "dev": true,
      "dependencies": {
        "ajv": "^6.12.4",
        "debug": "^4.3.2",
        "espree": "^9.5.2",
        "globals": "^13.19.0",
        "ignore": "^5.2.0",
        "import-fresh": "^3.2.1",
        "js-yaml": "^4.1.0",
        "minimatch": "^3.1.2",
        "strip-json-comments": "^3.1.1"
      },
      "engines": {
        "node": "^12.22.0 || ^14.17.0 || >=16.0.0"
      },
      "funding": {
        "url": "https://opencollective.com/eslint"
      }
    },
    "node_modules/@eslint/eslintrc/node_modules/ajv": {
      "version": "6.12.6",
      "resolved": "https://registry.npmjs.org/ajv/-/ajv-6.12.6.tgz",
      "integrity": "sha512-j3fVLgvTo527anyYyJOGTYJbG+vnnQYvE0m5mmkc1TK+nxAppkCLMIL0aZ4dblVCNoGShhm+kzE4ZUykBoMg4g==",
      "dev": true,
      "dependencies": {
        "fast-deep-equal": "^3.1.1",
        "fast-json-stable-stringify": "^2.0.0",
        "json-schema-traverse": "^0.4.1",
        "uri-js": "^4.2.2"
      },
      "funding": {
        "type": "github",
        "url": "https://github.com/sponsors/epoberezkin"
      }
    },
    "node_modules/@eslint/eslintrc/node_modules/json-schema-traverse": {
      "version": "0.4.1",
      "resolved": "https://registry.npmjs.org/json-schema-traverse/-/json-schema-traverse-0.4.1.tgz",
      "integrity": "sha512-xbbCH5dCYU5T8LcEhhuh7HJ88HXuW3qsI3Y0zOZFKfZEHcpWiHU/Jxzk629Brsab/mMiHQti9wMP+845RPe3Vg==",
      "dev": true
    },
    "node_modules/@eslint/js": {
      "version": "8.40.0",
      "resolved": "https://registry.npmjs.org/@eslint/js/-/js-8.40.0.tgz",
      "integrity": "sha512-ElyB54bJIhXQYVKjDSvCkPO1iU1tSAeVQJbllWJq1XQSmmA4dgFk8CbiBGpiOPxleE48vDogxCtmMYku4HSVLA==",
      "dev": true,
      "engines": {
        "node": "^12.22.0 || ^14.17.0 || >=16.0.0"
      }
    },
    "node_modules/@humanwhocodes/config-array": {
      "version": "0.11.8",
      "resolved": "https://registry.npmjs.org/@humanwhocodes/config-array/-/config-array-0.11.8.tgz",
      "integrity": "sha512-UybHIJzJnR5Qc/MsD9Kr+RpO2h+/P1GhOwdiLPXK5TWk5sgTdu88bTD9UP+CKbPPh5Rni1u0GjAdYQLemG8g+g==",
      "dev": true,
      "dependencies": {
        "@humanwhocodes/object-schema": "^1.2.1",
        "debug": "^4.1.1",
        "minimatch": "^3.0.5"
      },
      "engines": {
        "node": ">=10.10.0"
      }
    },
    "node_modules/@humanwhocodes/module-importer": {
      "version": "1.0.1",
      "resolved": "https://registry.npmjs.org/@humanwhocodes/module-importer/-/module-importer-1.0.1.tgz",
      "integrity": "sha512-bxveV4V8v5Yb4ncFTT3rPSgZBOpCkjfK0y4oVVVJwIuDVBRMDXrPyXRL988i5ap9m9bnyEEjWfm5WkBmtffLfA==",
      "dev": true,
      "engines": {
        "node": ">=12.22"
      },
      "funding": {
        "type": "github",
        "url": "https://github.com/sponsors/nzakas"
      }
    },
    "node_modules/@humanwhocodes/object-schema": {
      "version": "1.2.1",
      "resolved": "https://registry.npmjs.org/@humanwhocodes/object-schema/-/object-schema-1.2.1.tgz",
      "integrity": "sha512-ZnQMnLV4e7hDlUvw8H+U8ASL02SS2Gn6+9Ac3wGGLIe7+je2AeAOxPY+izIPJDfFDb7eDjev0Us8MO1iFRN8hA==",
      "dev": true
    },
    "node_modules/@nodelib/fs.scandir": {
      "version": "2.1.5",
      "resolved": "https://registry.npmjs.org/@nodelib/fs.scandir/-/fs.scandir-2.1.5.tgz",
      "integrity": "sha512-vq24Bq3ym5HEQm2NKCr3yXDwjc7vTsEThRDnkp2DK9p1uqLR+DHurm/NOTo0KG7HYHU7eppKZj3MyqYuMBf62g==",
      "dev": true,
      "dependencies": {
        "@nodelib/fs.stat": "2.0.5",
        "run-parallel": "^1.1.9"
      },
      "engines": {
        "node": ">= 8"
      }
    },
    "node_modules/@nodelib/fs.stat": {
      "version": "2.0.5",
      "resolved": "https://registry.npmjs.org/@nodelib/fs.stat/-/fs.stat-2.0.5.tgz",
      "integrity": "sha512-RkhPPp2zrqDAQA/2jNhnztcPAlv64XdhIp7a7454A5ovI7Bukxgt7MX7udwAu3zg1DcpPU0rz3VV1SeaqvY4+A==",
      "dev": true,
      "engines": {
        "node": ">= 8"
      }
    },
    "node_modules/@nodelib/fs.walk": {
      "version": "1.2.8",
      "resolved": "https://registry.npmjs.org/@nodelib/fs.walk/-/fs.walk-1.2.8.tgz",
      "integrity": "sha512-oGB+UxlgWcgQkgwo8GcEGwemoTFt3FIO9ababBmaGwXIoBKZ+GTy0pP185beGg7Llih/NSHSV2XAs1lnznocSg==",
      "dev": true,
      "dependencies": {
        "@nodelib/fs.scandir": "2.1.5",
        "fastq": "^1.6.0"
      },
      "engines": {
        "node": ">= 8"
      }
    },
    "node_modules/@observablehq/plot": {
      "version": "0.6.9",
      "resolved": "https://registry.npmjs.org/@observablehq/plot/-/plot-0.6.9.tgz",
      "integrity": "sha512-vwV6bzQsGjv2XrPEpc3Voixcz2e5EVvCSzzcs/uW9KXO5ZM8GdMVXtNTaRwYXUOk98nbiYFCFwzMaIyRjrt9IA==",
      "dependencies": {
        "d3": "^7.8.0",
        "interval-tree-1d": "^1.0.0",
        "isoformat": "^0.2.0"
      },
      "engines": {
        "node": ">=12"
      }
    }
  }
}
